<?xml version="1.0" encoding="utf-8"?>
<Project ToolsVersion="4.0" xmlns="http://schemas.microsoft.com/developer/msbuild/2003">
  <ItemGroup>
    <Filter Include="Resource Files">
      <UniqueIdentifier>{67DA6AB6-F800-4c08-8B7A-83BB121AAD01}</UniqueIdentifier>
      <Extensions>rc;ico;cur;bmp;dlg;rc2;rct;bin;rgs;gif;jpg;jpeg;jpe;resx;tiff;tif;png;wav;mfcribbon-ms</Extensions>
    </Filter>
    <Filter Include="base">
      <UniqueIdentifier>{bd59b098-495d-40b6-b00b-95b08624d5fa}</UniqueIdentifier>
    </Filter>
    <Filter Include="jpeglib">
      <UniqueIdentifier>{c34224a7-281e-480c-8e21-b0fa4953af7f}</UniqueIdentifier>
    </Filter>
    <Filter Include="gameswf">
      <UniqueIdentifier>{b2f3e85e-4bb3-43b9-9186-6b502bec3273}</UniqueIdentifier>
    </Filter>
    <Filter Include="gameswf\gameswf_as_classes">
      <UniqueIdentifier>{3a01ee3b-817f-4ccc-a743-da66d8ef175b}</UniqueIdentifier>
    </Filter>
  </ItemGroup>
  <ItemGroup>
    <ClInclude Include="..\..\..\Libraries\GameSwfPort\GameSwf\compatibility_include.h" />
    <ClInclude Include="..\..\..\Libraries\GameSwfPort\GameSwf\gameswf\gameswf.h">
      <Filter>gameswf</Filter>
    </ClInclude>
    <ClInclude Include="..\..\..\Libraries\GameSwfPort\GameSwf\gameswf\gameswf_abc.h">
      <Filter>gameswf</Filter>
    </ClInclude>
    <ClInclude Include="..\..\..\Libraries\GameSwfPort\GameSwf\gameswf\gameswf_action.h">
      <Filter>gameswf</Filter>
    </ClInclude>
    <ClInclude Include="..\..\..\Libraries\GameSwfPort\GameSwf\gameswf\gameswf_as_sprite.h">
      <Filter>gameswf</Filter>
    </ClInclude>
    <ClInclude Include="..\..\..\Libraries\GameSwfPort\GameSwf\gameswf\gameswf_avm2.h">
      <Filter>gameswf</Filter>
    </ClInclude>
    <ClInclude Include="..\..\..\Libraries\GameSwfPort\GameSwf\gameswf\gameswf_button.h">
      <Filter>gameswf</Filter>
    </ClInclude>
    <ClInclude Include="..\..\..\Libraries\GameSwfPort\GameSwf\gameswf\gameswf_canvas.h">
      <Filter>gameswf</Filter>
    </ClInclude>
    <ClInclude Include="..\..\..\Libraries\GameSwfPort\GameSwf\gameswf\gameswf_character.h">
      <Filter>gameswf</Filter>
    </ClInclude>
    <ClInclude Include="..\..\..\Libraries\GameSwfPort\GameSwf\gameswf\gameswf_disasm.h">
      <Filter>gameswf</Filter>
    </ClInclude>
    <ClInclude Include="..\..\..\Libraries\GameSwfPort\GameSwf\gameswf\gameswf_dlist.h">
      <Filter>gameswf</Filter>
    </ClInclude>
    <ClInclude Include="..\..\..\Libraries\GameSwfPort\GameSwf\gameswf\gameswf_environment.h">
      <Filter>gameswf</Filter>
    </ClInclude>
    <ClInclude Include="..\..\..\Libraries\GameSwfPort\GameSwf\gameswf\gameswf_filters.h">
      <Filter>gameswf</Filter>
    </ClInclude>
    <ClInclude Include="..\..\..\Libraries\GameSwfPort\GameSwf\gameswf\gameswf_font.h">
      <Filter>gameswf</Filter>
    </ClInclude>
    <ClInclude Include="..\..\..\Libraries\GameSwfPort\GameSwf\gameswf\gameswf_fontlib.h">
      <Filter>gameswf</Filter>
    </ClInclude>
    <ClInclude Include="..\..\..\Libraries\GameSwfPort\GameSwf\gameswf\gameswf_freetype.h">
      <Filter>gameswf</Filter>
    </ClInclude>
    <ClInclude Include="..\..\..\Libraries\GameSwfPort\GameSwf\gameswf\gameswf_function.h">
      <Filter>gameswf</Filter>
    </ClInclude>
    <ClInclude Include="..\..\..\Libraries\GameSwfPort\GameSwf\gameswf\gameswf_impl.h">
      <Filter>gameswf</Filter>
    </ClInclude>
    <ClInclude Include="..\..\..\Libraries\GameSwfPort\GameSwf\gameswf\gameswf_jit.h">
      <Filter>gameswf</Filter>
    </ClInclude>
    <ClInclude Include="..\..\..\Libraries\GameSwfPort\GameSwf\gameswf\gameswf_jit_opcode.h">
      <Filter>gameswf</Filter>
    </ClInclude>
    <ClInclude Include="..\..\..\Libraries\GameSwfPort\GameSwf\gameswf\gameswf_listener.h">
      <Filter>gameswf</Filter>
    </ClInclude>
    <ClInclude Include="..\..\..\Libraries\GameSwfPort\GameSwf\gameswf\gameswf_log.h">
      <Filter>gameswf</Filter>
    </ClInclude>
    <ClInclude Include="..\..\..\Libraries\GameSwfPort\GameSwf\gameswf\gameswf_morph2.h">
      <Filter>gameswf</Filter>
    </ClInclude>
    <ClInclude Include="..\..\..\Libraries\GameSwfPort\GameSwf\gameswf\gameswf_movie_def.h">
      <Filter>gameswf</Filter>
    </ClInclude>
    <ClInclude Include="..\..\..\Libraries\GameSwfPort\GameSwf\gameswf\gameswf_mutex.h">
      <Filter>gameswf</Filter>
    </ClInclude>
    <ClInclude Include="..\..\..\Libraries\GameSwfPort\GameSwf\gameswf\gameswf_object.h">
      <Filter>gameswf</Filter>
    </ClInclude>
    <ClInclude Include="..\..\..\Libraries\GameSwfPort\GameSwf\gameswf\gameswf_player.h">
      <Filter>gameswf</Filter>
    </ClInclude>
    <ClInclude Include="..\..\..\Libraries\GameSwfPort\GameSwf\gameswf\gameswf_render.h">
      <Filter>gameswf</Filter>
    </ClInclude>
    <ClInclude Include="..\..\..\Libraries\GameSwfPort\GameSwf\gameswf\gameswf_root.h">
      <Filter>gameswf</Filter>
    </ClInclude>
    <ClInclude Include="..\..\..\Libraries\GameSwfPort\GameSwf\gameswf\gameswf_shape.h">
      <Filter>gameswf</Filter>
    </ClInclude>
    <ClInclude Include="..\..\..\Libraries\GameSwfPort\GameSwf\gameswf\gameswf_sound.h">
      <Filter>gameswf</Filter>
    </ClInclude>
    <ClInclude Include="..\..\..\Libraries\GameSwfPort\GameSwf\gameswf\gameswf_sound_handler_openal.h">
      <Filter>gameswf</Filter>
    </ClInclude>
    <ClInclude Include="..\..\..\Libraries\GameSwfPort\GameSwf\gameswf\gameswf_sound_handler_sdl.h">
      <Filter>gameswf</Filter>
    </ClInclude>
    <ClInclude Include="..\..\..\Libraries\GameSwfPort\GameSwf\gameswf\gameswf_sprite.h">
      <Filter>gameswf</Filter>
    </ClInclude>
    <ClInclude Include="..\..\..\Libraries\GameSwfPort\GameSwf\gameswf\gameswf_sprite_def.h">
      <Filter>gameswf</Filter>
    </ClInclude>
    <ClInclude Include="..\..\..\Libraries\GameSwfPort\GameSwf\gameswf\gameswf_stream.h">
      <Filter>gameswf</Filter>
    </ClInclude>
    <ClInclude Include="..\..\..\Libraries\GameSwfPort\GameSwf\gameswf\gameswf_styles.h">
      <Filter>gameswf</Filter>
    </ClInclude>
    <ClInclude Include="..\..\..\Libraries\GameSwfPort\GameSwf\gameswf\gameswf_tesselate.h">
      <Filter>gameswf</Filter>
    </ClInclude>
    <ClInclude Include="..\..\..\Libraries\GameSwfPort\GameSwf\gameswf\gameswf_text.h">
      <Filter>gameswf</Filter>
    </ClInclude>
    <ClInclude Include="..\..\..\Libraries\GameSwfPort\GameSwf\gameswf\gameswf_types.h">
      <Filter>gameswf</Filter>
    </ClInclude>
    <ClInclude Include="..\..\..\Libraries\GameSwfPort\GameSwf\gameswf\gameswf_value.h">
      <Filter>gameswf</Filter>
    </ClInclude>
    <ClInclude Include="..\..\..\Libraries\GameSwfPort\GameSwf\gameswf\gameswf_as_classes\as_broadcaster.h">
      <Filter>gameswf\gameswf_as_classes</Filter>
    </ClInclude>
    <ClInclude Include="..\..\..\Libraries\GameSwfPort\GameSwf\gameswf\gameswf_as_classes\as_class.h">
      <Filter>gameswf\gameswf_as_classes</Filter>
    </ClInclude>
    <ClInclude Include="..\..\..\Libraries\GameSwfPort\GameSwf\gameswf\gameswf_as_classes\as_color.h">
      <Filter>gameswf\gameswf_as_classes</Filter>
    </ClInclude>
    <ClInclude Include="..\..\..\Libraries\GameSwfPort\GameSwf\gameswf\gameswf_as_classes\as_color_transform.h">
      <Filter>gameswf\gameswf_as_classes</Filter>
    </ClInclude>
    <ClInclude Include="..\..\..\Libraries\GameSwfPort\GameSwf\gameswf\gameswf_as_classes\as_date.h">
      <Filter>gameswf\gameswf_as_classes</Filter>
    </ClInclude>
    <ClInclude Include="..\..\..\Libraries\GameSwfPort\GameSwf\gameswf\gameswf_as_classes\as_event.h">
      <Filter>gameswf\gameswf_as_classes</Filter>
    </ClInclude>
    <ClInclude Include="..\..\..\Libraries\GameSwfPort\GameSwf\gameswf\gameswf_as_classes\as_flash.h">
      <Filter>gameswf\gameswf_as_classes</Filter>
    </ClInclude>
    <ClInclude Include="..\..\..\Libraries\GameSwfPort\GameSwf\gameswf\gameswf_as_classes\as_geom.h">
      <Filter>gameswf\gameswf_as_classes</Filter>
    </ClInclude>
    <ClInclude Include="..\..\..\Libraries\GameSwfPort\GameSwf\gameswf\gameswf_as_classes\as_global.h">
      <Filter>gameswf\gameswf_as_classes</Filter>
    </ClInclude>
    <ClInclude Include="..\..\..\Libraries\GameSwfPort\GameSwf\gameswf\gameswf_as_classes\as_key.h">
      <Filter>gameswf\gameswf_as_classes</Filter>
    </ClInclude>
    <ClInclude Include="..\..\..\Libraries\GameSwfPort\GameSwf\gameswf\gameswf_as_classes\as_loadvars.h">
      <Filter>gameswf\gameswf_as_classes</Filter>
    </ClInclude>
    <ClInclude Include="..\..\..\Libraries\GameSwfPort\GameSwf\gameswf\gameswf_as_classes\as_math.h">
      <Filter>gameswf\gameswf_as_classes</Filter>
    </ClInclude>
    <ClInclude Include="..\..\..\Libraries\GameSwfPort\GameSwf\gameswf\gameswf_as_classes\as_matrix.h">
      <Filter>gameswf\gameswf_as_classes</Filter>
    </ClInclude>
    <ClInclude Include="..\..\..\Libraries\GameSwfPort\GameSwf\gameswf\gameswf_as_classes\as_mcloader.h">
      <Filter>gameswf\gameswf_as_classes</Filter>
    </ClInclude>
    <ClInclude Include="..\..\..\Libraries\GameSwfPort\GameSwf\gameswf\gameswf_as_classes\as_mouse.h">
      <Filter>gameswf\gameswf_as_classes</Filter>
    </ClInclude>
    <ClInclude Include="..\..\..\Libraries\GameSwfPort\GameSwf\gameswf\gameswf_as_classes\as_mouse_event.h">
      <Filter>gameswf\gameswf_as_classes</Filter>
    </ClInclude>
    <ClInclude Include="..\..\..\Libraries\GameSwfPort\GameSwf\gameswf\gameswf_as_classes\as_netconnection.h">
      <Filter>gameswf\gameswf_as_classes</Filter>
    </ClInclude>
    <ClInclude Include="..\..\..\Libraries\GameSwfPort\GameSwf\gameswf\gameswf_as_classes\as_netstream.h">
      <Filter>gameswf\gameswf_as_classes</Filter>
    </ClInclude>
    <ClInclude Include="..\..\..\Libraries\GameSwfPort\GameSwf\gameswf\gameswf_as_classes\as_number.h">
      <Filter>gameswf\gameswf_as_classes</Filter>
    </ClInclude>
    <ClInclude Include="..\..\..\Libraries\GameSwfPort\GameSwf\gameswf\gameswf_as_classes\as_point.h">
      <Filter>gameswf\gameswf_as_classes</Filter>
    </ClInclude>
    <ClInclude Include="..\..\..\Libraries\GameSwfPort\GameSwf\gameswf\gameswf_as_classes\as_selection.h">
      <Filter>gameswf\gameswf_as_classes</Filter>
    </ClInclude>
    <ClInclude Include="..\..\..\Libraries\GameSwfPort\GameSwf\gameswf\gameswf_as_classes\as_sharedobject.h">
      <Filter>gameswf\gameswf_as_classes</Filter>
    </ClInclude>
    <ClInclude Include="..\..\..\Libraries\GameSwfPort\GameSwf\gameswf\gameswf_as_classes\as_sound.h">
      <Filter>gameswf\gameswf_as_classes</Filter>
    </ClInclude>
    <ClInclude Include="..\..\..\Libraries\GameSwfPort\GameSwf\gameswf\gameswf_as_classes\as_string.h">
      <Filter>gameswf\gameswf_as_classes</Filter>
    </ClInclude>
    <ClInclude Include="..\..\..\Libraries\GameSwfPort\GameSwf\gameswf\gameswf_as_classes\as_textformat.h">
      <Filter>gameswf\gameswf_as_classes</Filter>
    </ClInclude>
    <ClInclude Include="..\..\..\Libraries\GameSwfPort\GameSwf\gameswf\gameswf_as_classes\as_transform.h">
      <Filter>gameswf\gameswf_as_classes</Filter>
    </ClInclude>
    <ClInclude Include="..\..\..\Libraries\GameSwfPort\GameSwf\gameswf\gameswf_as_classes\as_xml.h">
      <Filter>gameswf\gameswf_as_classes</Filter>
    </ClInclude>
    <ClInclude Include="..\..\..\Libraries\GameSwfPort\GameSwf\gameswf\gameswf_as_classes\as_xmlsocket.h">
      <Filter>gameswf\gameswf_as_classes</Filter>
    </ClInclude>
    <ClInclude Include="..\..\..\Libraries\GameSwfPort\GameSwf\gameswf\gameswf_as_classes\as_array.h">
      <Filter>gameswf\gameswf_as_classes</Filter>
    </ClInclude>
    <ClInclude Include="..\..\..\Libraries\GameSwfPort\GameSwf\gameswf\gameswf_as_classes\as_boolean.h">
      <Filter>gameswf\gameswf_as_classes</Filter>
    </ClInclude>
    <ClInclude Include="..\..\..\Libraries\GameSwfPort\GameSwf\gameswf_config.h" />
  </ItemGroup>
  <ItemGroup>
    <ClCompile Include="..\..\..\Libraries\GameSwfPort\GameSwf\gameswf\gameswf_abc.cpp">
      <Filter>gameswf</Filter>
    </ClCompile>
    <ClCompile Include="..\..\..\Libraries\GameSwfPort\GameSwf\gameswf\gameswf_action.cpp">
      <Filter>gameswf</Filter>
    </ClCompile>
    <ClCompile Include="..\..\..\Libraries\GameSwfPort\GameSwf\gameswf\gameswf_as_sprite.cpp">
      <Filter>gameswf</Filter>
    </ClCompile>
    <ClCompile Include="..\..\..\Libraries\GameSwfPort\GameSwf\gameswf\gameswf_avm2.cpp">
      <Filter>gameswf</Filter>
    </ClCompile>
    <ClCompile Include="..\..\..\Libraries\GameSwfPort\GameSwf\gameswf\gameswf_avm2_jit.cpp">
      <Filter>gameswf</Filter>
    </ClCompile>
    <ClCompile Include="..\..\..\Libraries\GameSwfPort\GameSwf\gameswf\gameswf_button.cpp">
      <Filter>gameswf</Filter>
    </ClCompile>
    <ClCompile Include="..\..\..\Libraries\GameSwfPort\GameSwf\gameswf\gameswf_canvas.cpp">
      <Filter>gameswf</Filter>
    </ClCompile>
    <ClCompile Include="..\..\..\Libraries\GameSwfPort\GameSwf\gameswf\gameswf_character.cpp">
      <Filter>gameswf</Filter>
    </ClCompile>
    <ClCompile Include="..\..\..\Libraries\GameSwfPort\GameSwf\gameswf\gameswf_disasm.cpp">
      <Filter>gameswf</Filter>
    </ClCompile>
    <ClCompile Include="..\..\..\Libraries\GameSwfPort\GameSwf\gameswf\gameswf_dlist.cpp">
      <Filter>gameswf</Filter>
    </ClCompile>
    <ClCompile Include="..\..\..\Libraries\GameSwfPort\GameSwf\gameswf\gameswf_environment.cpp">
      <Filter>gameswf</Filter>
    </ClCompile>
    <ClCompile Include="..\..\..\Libraries\GameSwfPort\GameSwf\gameswf\gameswf_filters.cpp">
      <Filter>gameswf</Filter>
    </ClCompile>
    <ClCompile Include="..\..\..\Libraries\GameSwfPort\GameSwf\gameswf\gameswf_font.cpp">
      <Filter>gameswf</Filter>
    </ClCompile>
    <ClCompile Include="..\..\..\Libraries\GameSwfPort\GameSwf\gameswf\gameswf_fontlib.cpp">
      <Filter>gameswf</Filter>
    </ClCompile>
    <ClCompile Include="..\..\..\Libraries\GameSwfPort\GameSwf\gameswf\gameswf_freetype.cpp">
      <Filter>gameswf</Filter>
    </ClCompile>
    <ClCompile Include="..\..\..\Libraries\GameSwfPort\GameSwf\gameswf\gameswf_function.cpp">
      <Filter>gameswf</Filter>
    </ClCompile>
    <ClCompile Include="..\..\..\Libraries\GameSwfPort\GameSwf\gameswf\gameswf_impl.cpp">
      <Filter>gameswf</Filter>
    </ClCompile>
    <ClCompile Include="..\..\..\Libraries\GameSwfPort\GameSwf\gameswf\gameswf_jit.cpp">
      <Filter>gameswf</Filter>
    </ClCompile>
    <ClCompile Include="..\..\..\Libraries\GameSwfPort\GameSwf\gameswf\gameswf_jit_opcode.cpp">
      <Filter>gameswf</Filter>
    </ClCompile>
    <ClCompile Include="..\..\..\Libraries\GameSwfPort\GameSwf\gameswf\gameswf_listener.cpp">
      <Filter>gameswf</Filter>
    </ClCompile>
    <ClCompile Include="..\..\..\Libraries\GameSwfPort\GameSwf\gameswf\gameswf_log.cpp">
      <Filter>gameswf</Filter>
    </ClCompile>
    <ClCompile Include="..\..\..\Libraries\GameSwfPort\GameSwf\gameswf\gameswf_morph2.cpp">
      <Filter>gameswf</Filter>
    </ClCompile>
    <ClCompile Include="..\..\..\Libraries\GameSwfPort\GameSwf\gameswf\gameswf_movie_def.cpp">
      <Filter>gameswf</Filter>
    </ClCompile>
    <ClCompile Include="..\..\..\Libraries\GameSwfPort\GameSwf\gameswf\gameswf_mutex.cpp">
      <Filter>gameswf</Filter>
    </ClCompile>
    <ClCompile Include="..\..\..\Libraries\GameSwfPort\GameSwf\gameswf\gameswf_object.cpp">
      <Filter>gameswf</Filter>
    </ClCompile>
    <ClCompile Include="..\..\..\Libraries\GameSwfPort\GameSwf\gameswf\gameswf_parser.cpp">
      <Filter>gameswf</Filter>
    </ClCompile>
    <ClCompile Include="..\..\..\Libraries\GameSwfPort\GameSwf\gameswf\gameswf_player.cpp">
      <Filter>gameswf</Filter>
    </ClCompile>
    <ClCompile Include="..\..\..\Libraries\GameSwfPort\GameSwf\gameswf\gameswf_processor.cpp">
      <Filter>gameswf</Filter>
    </ClCompile>
    <ClCompile Include="..\..\..\Libraries\GameSwfPort\GameSwf\gameswf\gameswf_render.cpp">
      <Filter>gameswf</Filter>
    </ClCompile>
    <ClCompile Include="..\..\..\Libraries\GameSwfPort\GameSwf\gameswf\gameswf_render_handler_d3d.cpp">
      <Filter>gameswf</Filter>
    </ClCompile>
    <ClCompile Include="..\..\..\Libraries\GameSwfPort\GameSwf\gameswf\gameswf_render_handler_iwgl.cpp">
      <Filter>gameswf</Filter>
    </ClCompile>
    <ClCompile Include="..\..\..\Libraries\GameSwfPort\GameSwf\gameswf\gameswf_render_handler_ogl.cpp">
      <Filter>gameswf</Filter>
    </ClCompile>
    <ClCompile Include="..\..\..\Libraries\GameSwfPort\GameSwf\gameswf\gameswf_render_handler_ogles.cpp">
      <Filter>gameswf</Filter>
    </ClCompile>
    <ClCompile Include="..\..\..\Libraries\GameSwfPort\GameSwf\gameswf\gameswf_render_handler_xbox.cpp">
      <Filter>gameswf</Filter>
    </ClCompile>
    <ClCompile Include="..\..\..\Libraries\GameSwfPort\GameSwf\gameswf\gameswf_root.cpp">
      <Filter>gameswf</Filter>
    </ClCompile>
    <ClCompile Include="..\..\..\Libraries\GameSwfPort\GameSwf\gameswf\gameswf_shape.cpp">
      <Filter>gameswf</Filter>
    </ClCompile>
    <ClCompile Include="..\..\..\Libraries\GameSwfPort\GameSwf\gameswf\gameswf_sound.cpp">
      <Filter>gameswf</Filter>
    </ClCompile>
    <ClCompile Include="..\..\..\Libraries\GameSwfPort\GameSwf\gameswf\gameswf_sound_handler_openal.cpp">
      <Filter>gameswf</Filter>
    </ClCompile>
    <ClCompile Include="..\..\..\Libraries\GameSwfPort\GameSwf\gameswf\gameswf_sound_handler_sdl.cpp">
      <Filter>gameswf</Filter>
    </ClCompile>
    <ClCompile Include="..\..\..\Libraries\GameSwfPort\GameSwf\gameswf\gameswf_sprite.cpp">
      <Filter>gameswf</Filter>
    </ClCompile>
    <ClCompile Include="..\..\..\Libraries\GameSwfPort\GameSwf\gameswf\gameswf_sprite_def.cpp">
      <Filter>gameswf</Filter>
    </ClCompile>
    <ClCompile Include="..\..\..\Libraries\GameSwfPort\GameSwf\gameswf\gameswf_stream.cpp">
      <Filter>gameswf</Filter>
    </ClCompile>
    <ClCompile Include="..\..\..\Libraries\GameSwfPort\GameSwf\gameswf\gameswf_styles.cpp">
      <Filter>gameswf</Filter>
    </ClCompile>
    <ClCompile Include="..\..\..\Libraries\GameSwfPort\GameSwf\gameswf\gameswf_tesselate.cpp">
      <Filter>gameswf</Filter>
    </ClCompile>
    <ClCompile Include="..\..\..\Libraries\GameSwfPort\GameSwf\gameswf\gameswf_text.cpp">
      <Filter>gameswf</Filter>
    </ClCompile>
    <ClCompile Include="..\..\..\Libraries\GameSwfPort\GameSwf\gameswf\gameswf_tools.cpp">
      <Filter>gameswf</Filter>
    </ClCompile>
    <ClCompile Include="..\..\..\Libraries\GameSwfPort\GameSwf\gameswf\gameswf_types.cpp">
      <Filter>gameswf</Filter>
    </ClCompile>
    <ClCompile Include="..\..\..\Libraries\GameSwfPort\GameSwf\gameswf\gameswf_value.cpp">
      <Filter>gameswf</Filter>
    </ClCompile>
    <ClCompile Include="..\..\..\Libraries\GameSwfPort\GameSwf\gameswf\gameswf_video_impl.cpp">
      <Filter>gameswf</Filter>
    </ClCompile>
    <ClCompile Include="..\..\..\Libraries\GameSwfPort\GameSwf\gameswf\gameswf_as_classes\as_broadcaster.cpp">
      <Filter>gameswf\gameswf_as_classes</Filter>
    </ClCompile>
    <ClCompile Include="..\..\..\Libraries\GameSwfPort\GameSwf\gameswf\gameswf_as_classes\as_class.cpp">
      <Filter>gameswf\gameswf_as_classes</Filter>
    </ClCompile>
    <ClCompile Include="..\..\..\Libraries\GameSwfPort\GameSwf\gameswf\gameswf_as_classes\as_color.cpp">
      <Filter>gameswf\gameswf_as_classes</Filter>
    </ClCompile>
    <ClCompile Include="..\..\..\Libraries\GameSwfPort\GameSwf\gameswf\gameswf_as_classes\as_color_transform.cpp">
      <Filter>gameswf\gameswf_as_classes</Filter>
    </ClCompile>
    <ClCompile Include="..\..\..\Libraries\GameSwfPort\GameSwf\gameswf\gameswf_as_classes\as_date.cpp">
      <Filter>gameswf\gameswf_as_classes</Filter>
    </ClCompile>
    <ClCompile Include="..\..\..\Libraries\GameSwfPort\GameSwf\gameswf\gameswf_as_classes\as_event.cpp">
      <Filter>gameswf\gameswf_as_classes</Filter>
    </ClCompile>
    <ClCompile Include="..\..\..\Libraries\GameSwfPort\GameSwf\gameswf\gameswf_as_classes\as_flash.cpp">
      <Filter>gameswf\gameswf_as_classes</Filter>
    </ClCompile>
    <ClCompile Include="..\..\..\Libraries\GameSwfPort\GameSwf\gameswf\gameswf_as_classes\as_geom.cpp">
      <Filter>gameswf\gameswf_as_classes</Filter>
    </ClCompile>
    <ClCompile Include="..\..\..\Libraries\GameSwfPort\GameSwf\gameswf\gameswf_as_classes\as_global.cpp">
      <Filter>gameswf\gameswf_as_classes</Filter>
    </ClCompile>
    <ClCompile Include="..\..\..\Libraries\GameSwfPort\GameSwf\gameswf\gameswf_as_classes\as_key.cpp">
      <Filter>gameswf\gameswf_as_classes</Filter>
    </ClCompile>
    <ClCompile Include="..\..\..\Libraries\GameSwfPort\GameSwf\gameswf\gameswf_as_classes\as_loadvars.cpp">
      <Filter>gameswf\gameswf_as_classes</Filter>
    </ClCompile>
    <ClCompile Include="..\..\..\Libraries\GameSwfPort\GameSwf\gameswf\gameswf_as_classes\as_math.cpp">
      <Filter>gameswf\gameswf_as_classes</Filter>
    </ClCompile>
    <ClCompile Include="..\..\..\Libraries\GameSwfPort\GameSwf\gameswf\gameswf_as_classes\as_matrix.cpp">
      <Filter>gameswf\gameswf_as_classes</Filter>
    </ClCompile>
    <ClCompile Include="..\..\..\Libraries\GameSwfPort\GameSwf\gameswf\gameswf_as_classes\as_mcloader.cpp">
      <Filter>gameswf\gameswf_as_classes</Filter>
    </ClCompile>
    <ClCompile Include="..\..\..\Libraries\GameSwfPort\GameSwf\gameswf\gameswf_as_classes\as_mouse.cpp">
      <Filter>gameswf\gameswf_as_classes</Filter>
    </ClCompile>
    <ClCompile Include="..\..\..\Libraries\GameSwfPort\GameSwf\gameswf\gameswf_as_classes\as_mouse_event.cpp">
      <Filter>gameswf\gameswf_as_classes</Filter>
    </ClCompile>
    <ClCompile Include="..\..\..\Libraries\GameSwfPort\GameSwf\gameswf\gameswf_as_classes\as_netconnection.cpp">
      <Filter>gameswf\gameswf_as_classes</Filter>
    </ClCompile>
    <ClCompile Include="..\..\..\Libraries\GameSwfPort\GameSwf\gameswf\gameswf_as_classes\as_netstream.cpp">
      <Filter>gameswf\gameswf_as_classes</Filter>
    </ClCompile>
    <ClCompile Include="..\..\..\Libraries\GameSwfPort\GameSwf\gameswf\gameswf_as_classes\as_number.cpp">
      <Filter>gameswf\gameswf_as_classes</Filter>
    </ClCompile>
    <ClCompile Include="..\..\..\Libraries\GameSwfPort\GameSwf\gameswf\gameswf_as_classes\as_point.cpp">
      <Filter>gameswf\gameswf_as_classes</Filter>
    </ClCompile>
    <ClCompile Include="..\..\..\Libraries\GameSwfPort\GameSwf\gameswf\gameswf_as_classes\as_selection.cpp">
      <Filter>gameswf\gameswf_as_classes</Filter>
    </ClCompile>
    <ClCompile Include="..\..\..\Libraries\GameSwfPort\GameSwf\gameswf\gameswf_as_classes\as_sharedobject.cpp">
      <Filter>gameswf\gameswf_as_classes</Filter>
    </ClCompile>
    <ClCompile Include="..\..\..\Libraries\GameSwfPort\GameSwf\gameswf\gameswf_as_classes\as_sound.cpp">
      <Filter>gameswf\gameswf_as_classes</Filter>
    </ClCompile>
    <ClCompile Include="..\..\..\Libraries\GameSwfPort\GameSwf\gameswf\gameswf_as_classes\as_string.cpp">
      <Filter>gameswf\gameswf_as_classes</Filter>
    </ClCompile>
    <ClCompile Include="..\..\..\Libraries\GameSwfPort\GameSwf\gameswf\gameswf_as_classes\as_textformat.cpp">
      <Filter>gameswf\gameswf_as_classes</Filter>
    </ClCompile>
    <ClCompile Include="..\..\..\Libraries\GameSwfPort\GameSwf\gameswf\gameswf_as_classes\as_transform.cpp">
      <Filter>gameswf\gameswf_as_classes</Filter>
    </ClCompile>
    <ClCompile Include="..\..\..\Libraries\GameSwfPort\GameSwf\gameswf\gameswf_as_classes\as_xml.cpp">
      <Filter>gameswf\gameswf_as_classes</Filter>
    </ClCompile>
    <ClCompile Include="..\..\..\Libraries\GameSwfPort\GameSwf\gameswf\gameswf_as_classes\as_xmlsocket.cpp">
      <Filter>gameswf\gameswf_as_classes</Filter>
    </ClCompile>
    <ClCompile Include="..\..\..\Libraries\GameSwfPort\GameSwf\gameswf\gameswf_as_classes\as_array.cpp">
      <Filter>gameswf\gameswf_as_classes</Filter>
    </ClCompile>
    <ClCompile Include="..\..\..\Libraries\GameSwfPort\GameSwf\gameswf\gameswf_as_classes\as_boolean.cpp">
      <Filter>gameswf\gameswf_as_classes</Filter>
    </ClCompile>
  </ItemGroup>
  <ItemGroup>
    <None Include="..\..\..\Libraries\GameSwfPort\GameSwf\gameswf\gameswf_batch_run.py">
      <Filter>gameswf</Filter>
    </None>
    <None Include="..\..\..\Libraries\GameSwfPort\GameSwf\gameswf\gameswf_batch_test.py">
      <Filter>gameswf</Filter>
    </None>
  </ItemGroup>
</Project>